
Microsoft Visual Studio Solution File, Format Version 12.00
# Visual Studio Version 17
VisualStudioVersion = 17.14.36202.13 d17.14
MinimumVisualStudioVersion = 10.0.40219.1
Project("{54A90642-561A-4BB1-A94E-469ADEE60C69}") = "heirhub.client", "heirhub.client\heirhub.client.esproj", "{86EA7B6E-5E89-0F6C-4308-85EA3484CF51}"
EndProject
Project("{FAE04EC0-301F-11D3-BF4B-00C04F79EFBC}") = "HeirHub.Server", "HeirHub.Server\HeirHub.Server.csproj", "{6C4CE3A1-D9E1-4B48-B0E8-1245047EF774}"
EndProject
Global
	GlobalSection(SolutionConfigurationPlatforms) = preSolution
		Debug|Any CPU = Debug|Any CPU
		Release|Any CPU = Release|Any CPU
	EndGlobalSection
	GlobalSection(ProjectConfigurationPlatforms) = postSolution
		{86EA7B6E-5E89-0F6C-4308-85EA3484CF51}.Debug|Any CPU.ActiveCfg = Debug|Any CPU
		{86EA7B6E-5E89-0F6C-4308-85EA3484CF51}.Debug|Any CPU.Build.0 = Debug|Any CPU
		{86EA7B6E-5E89-0F6C-4308-85EA3484CF51}.Debug|Any CPU.Deploy.0 = Debug|Any CPU
		{86EA7B6E-5E89-0F6C-4308-85EA3484CF51}.Release|Any CPU.ActiveCfg = Release|Any CPU
		{86EA7B6E-5E89-0F6C-4308-85EA3484CF51}.Release|Any CPU.Build.0 = Release|Any CPU
		{86EA7B6E-5E89-0F6C-4308-85EA3484CF51}.Release|Any CPU.Deploy.0 = Release|Any CPU
		{6C4CE3A1-D9E1-4B48-B0E8-1245047EF774}.Debug|Any CPU.ActiveCfg = Debug|Any CPU
		{6C4CE3A1-D9E1-4B48-B0E8-1245047EF774}.Debug|Any CPU.Build.0 = Debug|Any CPU
		{6C4CE3A1-D9E1-4B48-B0E8-1245047EF774}.Release|Any CPU.ActiveCfg = Release|Any CPU
		{6C4CE3A1-D9E1-4B48-B0E8-1245047EF774}.Release|Any CPU.Build.0 = Release|Any CPU
	EndGlobalSection
	GlobalSection(SolutionProperties) = preSolution
		HideSolutionNode = FALSE
	EndGlobalSection
	GlobalSection(ExtensibilityGlobals) = postSolution
		SolutionGuid = {EEF4E056-44B6-4BC4-A98B-7673D522C2F2}
	EndGlobalSection
EndGlobal
